
Microsoft Visual Studio Solution File, Format Version 12.00
# Visual Studio Version 17
VisualStudioVersion = 17.14.36414.22 d17.14
MinimumVisualStudioVersion = 10.0.40219.1
Project("{FAE04EC0-301F-11D3-BF4B-00C04F79EFBC}") = "Domain", "Domain\Domain.csproj", "{2AAF59F4-B30A-4DD1-BA83-37815AF4828E}"
EndProject
Project("{FAE04EC0-301F-11D3-BF4B-00C04F79EFBC}") = "Infrastructure", "Infrastructure\Infrastructure.csproj", "{9E05CD29-2FE9-44FB-92D6-9FEA78098760}"
EndProject
Project("{FAE04EC0-301F-11D3-BF4B-00C04F79EFBC}") = "WebUI", "WebUI\WebUI.csproj", "{ACAEB747-DAD5-46A9-90B1-AC145C6C99CF}"
EndProject
Global
	GlobalSection(SolutionConfigurationPlatforms) = preSolution
		Debug|Any CPU = Debug|Any CPU
		Release|Any CPU = Release|Any CPU
	EndGlobalSection
	GlobalSection(ProjectConfigurationPlatforms) = postSolution
		{2AAF59F4-B30A-4DD1-BA83-37815AF4828E}.Debug|Any CPU.ActiveCfg = Debug|Any CPU
		{2AAF59F4-B30A-4DD1-BA83-37815AF4828E}.Debug|Any CPU.Build.0 = Debug|Any CPU
		{2AAF59F4-B30A-4DD1-BA83-37815AF4828E}.Release|Any CPU.ActiveCfg = Release|Any CPU
		{2AAF59F4-B30A-4DD1-BA83-37815AF4828E}.Release|Any CPU.Build.0 = Release|Any CPU
		{9E05CD29-2FE9-44FB-92D6-9FEA78098760}.Debug|Any CPU.ActiveCfg = Debug|Any CPU
		{9E05CD29-2FE9-44FB-92D6-9FEA78098760}.Debug|Any CPU.Build.0 = Debug|Any CPU
		{9E05CD29-2FE9-44FB-92D6-9FEA78098760}.Release|Any CPU.ActiveCfg = Release|Any CPU
		{9E05CD29-2FE9-44FB-92D6-9FEA78098760}.Release|Any CPU.Build.0 = Release|Any CPU
		{ACAEB747-DAD5-46A9-90B1-AC145C6C99CF}.Debug|Any CPU.ActiveCfg = Debug|Any CPU
		{ACAEB747-DAD5-46A9-90B1-AC145C6C99CF}.Debug|Any CPU.Build.0 = Debug|Any CPU
		{ACAEB747-DAD5-46A9-90B1-AC145C6C99CF}.Release|Any CPU.ActiveCfg = Release|Any CPU
		{ACAEB747-DAD5-46A9-90B1-AC145C6C99CF}.Release|Any CPU.Build.0 = Release|Any CPU
	EndGlobalSection
	GlobalSection(SolutionProperties) = preSolution
		HideSolutionNode = FALSE
	EndGlobalSection
	GlobalSection(ExtensibilityGlobals) = postSolution
		SolutionGuid = {146B0EF4-042D-451F-A570-984733BA526C}
	EndGlobalSection
EndGlobal
